// !$*UTF8*$!
{
	archiveVersion = 1;
	classes = {
	};
	objectVersion = 46;
	objects = {

/* Begin PBXBuildFile section */
		FCCBD0C01CA3E5DD0003010D /* main.m in Sources */ = {isa = PBXBuildFile; fileRef = FCCBD0BF1CA3E5DD0003010D /* main.m */; };
		FCCBD0C31CA3E5DD0003010D /* AppDelegate.m in Sources */ = {isa = PBXBuildFile; fileRef = FCCBD0C21CA3E5DD0003010D /* AppDelegate.m */; };
		FCCBD0C61CA3E5DD0003010D /* ViewController.m in Sources */ = {isa = PBXBuildFile; fileRef = FCCBD0C51CA3E5DD0003010D /* ViewController.m */; };
		FCCBD0C91CA3E5DD0003010D /* Main.storyboard in Resources */ = {isa = PBXBuildFile; fileRef = FCCBD0C71CA3E5DD0003010D /* Main.storyboard */; };
		FCCBD0CB1CA3E5DD0003010D /* Assets.xcassets in Resources */ = {isa = PBXBuildFile; fileRef = FCCBD0CA1CA3E5DD0003010D /* Assets.xcassets */; };
		FCCBD0CE1CA3E5DD0003010D /* LaunchScreen.storyboard in Resources */ = {isa = PBXBuildFile; fileRef = FCCBD0CC1CA3E5DD0003010D /* LaunchScreen.storyboard */; };
		FCCBD0E51CA3E76A0003010D /* RSCell.m in Sources */ = {isa = PBXBuildFile; fileRef = FCCBD0D81CA3E76A0003010D /* RSCell.m */; };
		FCCBD0E61CA3E76A0003010D /* RSStyle.m in Sources */ = {isa = PBXBuildFile; fileRef = FCCBD0DB1CA3E76A0003010D /* RSStyle.m */; };
		FCCBD0E71CA3E76A0003010D /* RSworkBook.m in Sources */ = {isa = PBXBuildFile; fileRef = FCCBD0DD1CA3E76A0003010D /* RSworkBook.m */; };
		FCCBD0E81CA3E76A0003010D /* RSworkSheet.m in Sources */ = {isa = PBXBuildFile; fileRef = FCCBD0DF1CA3E76A0003010D /* RSworkSheet.m */; };
		FCCBD0E91CA3E76A0003010D /* RSworkSheetRow.m in Sources */ = {isa = PBXBuildFile; fileRef = FCCBD0E11CA3E76A0003010D /* RSworkSheetRow.m */; };
		FCCBD0EA1CA3E76A0003010D /* UIColor-Expanded.m in Sources */ = {isa = PBXBuildFile; fileRef = FCCBD0E31CA3E76A0003010D /* UIColor-Expanded.m */; };
/* End PBXBuildFile section */

/* Begin PBXFileReference section */
		FCCBD0BB1CA3E5DD0003010D /* Excel.app */ = {isa = PBXFileReference; explicitFileType = wrapper.application; includeInIndex = 0; path = Excel.app; sourceTree = BUILT_PRODUCTS_DIR; };
		FCCBD0BF1CA3E5DD0003010D /* main.m */ = {isa = PBXFileReference; lastKnownFileType = sourcecode.c.objc; path = main.m; sourceTree = "<group>"; };
		FCCBD0C11CA3E5DD0003010D /* AppDelegate.h */ = {isa = PBXFileReference; lastKnownFileType = sourcecode.c.h; path = AppDelegate.h; sourceTree = "<group>"; };
		FCCBD0C21CA3E5DD0003010D /* AppDelegate.m */ = {isa = PBXFileReference; lastKnownFileType = sourcecode.c.objc; path = AppDelegate.m; sourceTree = "<group>"; };
		FCCBD0C41CA3E5DD0003010D /* ViewController.h */ = {isa = PBXFileReference; lastKnownFileType = sourcecode.c.h; path = ViewController.h; sourceTree = "<group>"; };
		FCCBD0C51CA3E5DD0003010D /* ViewController.m */ = {isa = PBXFileReference; lastKnownFileType = sourcecode.c.objc; path = ViewController.m; sourceTree = "<group>"; };
		FCCBD0C81CA3E5DD0003010D /* Base */ = {isa = PBXFileReference; lastKnownFileType = file.storyboard; name = Base; path = Base.lproj/Main.storyboard; sourceTree = "<group>"; };
		FCCBD0CA1CA3E5DD0003010D /* Assets.xcassets */ = {isa = PBXFileReference; lastKnownFileType = folder.assetcatalog; path = Assets.xcassets; sourceTree = "<group>"; };
		FCCBD0CD1CA3E5DD0003010D /* Base */ = {isa = PBXFileReference; lastKnownFileType = file.storyboard; name = Base; path = Base.lproj/LaunchScreen.storyboard; sourceTree = "<group>"; };
		FCCBD0CF1CA3E5DD0003010D /* Info.plist */ = {isa = PBXFileReference; lastKnownFileType = text.plist.xml; path = Info.plist; sourceTree = "<group>"; };
		FCCBD0D71CA3E76A0003010D /* RSCell.h */ = {isa = PBXFileReference; fileEncoding = 4; lastKnownFileType = sourcecode.c.h; path = RSCell.h; sourceTree = "<group>"; };
		FCCBD0D81CA3E76A0003010D /* RSCell.m */ = {isa = PBXFileReference; fileEncoding = 4; lastKnownFileType = sourcecode.c.objc; path = RSCell.m; sourceTree = "<group>"; };
		FCCBD0D91CA3E76A0003010D /* RSSheet.h */ = {isa = PBXFileReference; fileEncoding = 4; lastKnownFileType = sourcecode.c.h; path = RSSheet.h; sourceTree = "<group>"; };
		FCCBD0DA1CA3E76A0003010D /* RSStyle.h */ = {isa = PBXFileReference; fileEncoding = 4; lastKnownFileType = sourcecode.c.h; path = RSStyle.h; sourceTree = "<group>"; };
		FCCBD0DB1CA3E76A0003010D /* RSStyle.m */ = {isa = PBXFileReference; fileEncoding = 4; lastKnownFileType = sourcecode.c.objc; path = RSStyle.m; sourceTree = "<group>"; };
		FCCBD0DC1CA3E76A0003010D /* RSworkBook.h */ = {isa = PBXFileReference; fileEncoding = 4; lastKnownFileType = sourcecode.c.h; path = RSworkBook.h; sourceTree = "<group>"; };
		FCCBD0DD1CA3E76A0003010D /* RSworkBook.m */ = {isa = PBXFileReference; fileEncoding = 4; lastKnownFileType = sourcecode.c.objc; path = RSworkBook.m; sourceTree = "<group>"; };
		FCCBD0DE1CA3E76A0003010D /* RSworkSheet.h */ = {isa = PBXFileReference; fileEncoding = 4; lastKnownFileType = sourcecode.c.h; path = RSworkSheet.h; sourceTree = "<group>"; };
		FCCBD0DF1CA3E76A0003010D /* RSworkSheet.m */ = {isa = PBXFileReference; fileEncoding = 4; lastKnownFileType = sourcecode.c.objc; path = RSworkSheet.m; sourceTree = "<group>"; };
		FCCBD0E01CA3E76A0003010D /* RSworkSheetRow.h */ = {isa = PBXFileReference; fileEncoding = 4; lastKnownFileType = sourcecode.c.h; path = RSworkSheetRow.h; sourceTree = "<group>"; };
		FCCBD0E11CA3E76A0003010D /* RSworkSheetRow.m */ = {isa = PBXFileReference; fileEncoding = 4; lastKnownFileType = sourcecode.c.objc; path = RSworkSheetRow.m; sourceTree = "<group>"; };
		FCCBD0E21CA3E76A0003010D /* UIColor-Expanded.h */ = {isa = PBXFileReference; fileEncoding = 4; lastKnownFileType = sourcecode.c.h; path = "UIColor-Expanded.h"; sourceTree = "<group>"; };
		FCCBD0E31CA3E76A0003010D /* UIColor-Expanded.m */ = {isa = PBXFileReference; fileEncoding = 4; lastKnownFileType = sourcecode.c.objc; path = "UIColor-Expanded.m"; sourceTree = "<group>"; };
/* End PBXFileReference section */

/* Begin PBXFrameworksBuildPhase section */
		FCCBD0B81CA3E5DD0003010D /* Frameworks */ = {
			isa = PBXFrameworksBuildPhase;
			buildActionMask = 2147483647;
			files = (
			);
			runOnlyForDeploymentPostprocessing = 0;
		};
/* End PBXFrameworksBuildPhase section */

/* Begin PBXGroup section */
		FCCBD0B21CA3E5DD0003010D = {
			isa = PBXGroup;
			children = (
				FCCBD0D51CA3E76A0003010D /* RSSheet */,
				FCCBD0BD1CA3E5DD0003010D /* Excel */,
				FCCBD0BC1CA3E5DD0003010D /* Products */,
			);
			sourceTree = "<group>";
		};
		FCCBD0BC1CA3E5DD0003010D /* Products */ = {
			isa = PBXGroup;
			children = (
				FCCBD0BB1CA3E5DD0003010D /* Excel.app */,
			);
			name = Products;
			sourceTree = "<group>";
		};
		FCCBD0BD1CA3E5DD0003010D /* Excel */ = {
			isa = PBXGroup;
			children = (
				FCCBD0C11CA3E5DD0003010D /* AppDelegate.h */,
				FCCBD0C21CA3E5DD0003010D /* AppDelegate.m */,
				FCCBD0C41CA3E5DD0003010D /* ViewController.h */,
				FCCBD0C51CA3E5DD0003010D /* ViewController.m */,
				FCCBD0C71CA3E5DD0003010D /* Main.storyboard */,
				FCCBD0CA1CA3E5DD0003010D /* Assets.xcassets */,
				FCCBD0CC1CA3E5DD0003010D /* LaunchScreen.storyboard */,
				FCCBD0CF1CA3E5DD0003010D /* Info.plist */,
				FCCBD0BE1CA3E5DD0003010D /* Supporting Files */,
			);
			path = Excel;
			sourceTree = "<group>";
		};
		FCCBD0BE1CA3E5DD0003010D /* Supporting Files */ = {
			isa = PBXGroup;
			children = (
				FCCBD0BF1CA3E5DD0003010D /* main.m */,
			);
			name = "Supporting Files";
			sourceTree = "<group>";
		};
		FCCBD0D51CA3E76A0003010D /* RSSheet */ = {
			isa = PBXGroup;
			children = (
				FCCBD0D71CA3E76A0003010D /* RSCell.h */,
				FCCBD0D81CA3E76A0003010D /* RSCell.m */,
				FCCBD0D91CA3E76A0003010D /* RSSheet.h */,
				FCCBD0DA1CA3E76A0003010D /* RSStyle.h */,
				FCCBD0DB1CA3E76A0003010D /* RSStyle.m */,
				FCCBD0DC1CA3E76A0003010D /* RSworkBook.h */,
				FCCBD0DD1CA3E76A0003010D /* RSworkBook.m */,
				FCCBD0DE1CA3E76A0003010D /* RSworkSheet.h */,
				FCCBD0DF1CA3E76A0003010D /* RSworkSheet.m */,
				FCCBD0E01CA3E76A0003010D /* RSworkSheetRow.h */,
				FCCBD0E11CA3E76A0003010D /* RSworkSheetRow.m */,
				FCCBD0E21CA3E76A0003010D /* UIColor-Expanded.h */,
				FCCBD0E31CA3E76A0003010D /* UIColor-Expanded.m */,
			);
			path = RSSheet;
			sourceTree = "<group>";
		};
/* End PBXGroup section */

/* Begin PBXNativeTarget section */
		FCCBD0BA1CA3E5DD0003010D /* Excel */ = {
			isa = PBXNativeTarget;
			buildConfigurationList = FCCBD0D21CA3E5DD0003010D /* Build configuration list for PBXNativeTarget "Excel" */;
			buildPhases = (
				FCCBD0B71CA3E5DD0003010D /* Sources */,
				FCCBD0B81CA3E5DD0003010D /* Frameworks */,
				FCCBD0B91CA3E5DD0003010D /* Resources */,
			);
			buildRules = (
			);
			dependencies = (
			);
			name = Excel;
			productName = Excel;
			productReference = FCCBD0BB1CA3E5DD0003010D /* Excel.app */;
			productType = "com.apple.product-type.application";
		};
/* End PBXNativeTarget section */

/* Begin PBXProject section */
		FCCBD0B31CA3E5DD0003010D /* Project object */ = {
			isa = PBXProject;
			attributes = {
				CLASSPREFIX = BL;
				LastUpgradeCheck = 0720;
				ORGANIZATIONNAME = Bluelich;
				TargetAttributes = {
					FCCBD0BA1CA3E5DD0003010D = {
						CreatedOnToolsVersion = 7.2;
					};
				};
			};
			buildConfigurationList = FCCBD0B61CA3E5DD0003010D /* Build configuration list for PBXProject "Excel" */;
			compatibilityVersion = "Xcode 3.2";
			developmentRegion = English;
			hasScannedForEncodings = 0;
			knownRegions = (
				en,
				Base,
			);
			mainGroup = FCCBD0B21CA3E5DD0003010D;
			productRefGroup = FCCBD0BC1CA3E5DD0003010D /* Products */;
			projectDirPath = "";
			projectRoot = "";
			targets = (
				FCCBD0BA1CA3E5DD0003010D /* Excel */,
			);
		};
/* End PBXProject section */

/* Begin PBXResourcesBuildPhase section */
		FCCBD0B91CA3E5DD0003010D /* Resources */ = {
			isa = PBXResourcesBuildPhase;
			buildActionMask = 2147483647;
			files = (
				FCCBD0CE1CA3E5DD0003010D /* LaunchScreen.storyboard in Resources */,
				FCCBD0CB1CA3E5DD0003010D /* Assets.xcassets in Resources */,
				FCCBD0C91CA3E5DD0003010D /* Main.storyboard in Resources */,
			);
			runOnlyForDeploymentPostprocessing = 0;
		};
/* End PBXResourcesBuildPhase section */

/* Begin PBXSourcesBuildPhase section */
		FCCBD0B71CA3E5DD0003010D /* Sources */ = {
			isa = PBXSourcesBuildPhase;
			buildActionMask = 2147483647;
			files = (
				FCCBD0E51CA3E76A0003010D /* RSCell.m in Sources */,
				FCCBD0C61CA3E5DD0003010D /* ViewController.m in Sources */,
				FCCBD0E71CA3E76A0003010D /* RSworkBook.m in Sources */,
				FCCBD0E81CA3E76A0003010D /* RSworkSheet.m in Sources */,
				FCCBD0E91CA3E76A0003010D /* RSworkSheetRow.m in Sources */,
				FCCBD0C31CA3E5DD0003010D /* AppDelegate.m in Sources */,
				FCCBD0E61CA3E76A0003010D /* RSStyle.m in Sources */,
				FCCBD0C01CA3E5DD0003010D /* main.m in Sources */,
				FCCBD0EA1CA3E76A0003010D /* UIColor-Expanded.m in Sources */,
			);
			runOnlyForDeploymentPostprocessing = 0;
		};
/* End PBXSourcesBuildPhase section */

/* Begin PBXVariantGroup section */
		FCCBD0C71CA3E5DD0003010D /* Main.storyboard */ = {
			isa = PBXVariantGroup;
			children = (
				FCCBD0C81CA3E5DD0003010D /* Base */,
			);
			name = Main.storyboard;
			sourceTree = "<group>";
		};
		FCCBD0CC1CA3E5DD0003010D /* LaunchScreen.storyboard */ = {
			isa = PBXVariantGroup;
			children = (
				FCCBD0CD1CA3E5DD0003010D /* Base */,
			);
			name = LaunchScreen.storyboard;
			sourceTree = "<group>";
		};
/* End PBXVariantGroup section */

/* Begin XCBuildConfiguration section */
		FCCBD0D01CA3E5DD0003010D /* Debug */ = {
			isa = XCBuildConfiguration;
			buildSettings = {
				ALWAYS_SEARCH_USER_PATHS = NO;
				CLANG_CXX_LANGUAGE_STANDARD = "gnu++0x";
				CLANG_CXX_LIBRARY = "libc++";
				CLANG_ENABLE_MODULES = YES;
				CLANG_ENABLE_OBJC_ARC = YES;
				CLANG_WARN_BOOL_CONVERSION = YES;
				CLANG_WARN_CONSTANT_CONVERSION = YES;
				CLANG_WARN_DIRECT_OBJC_ISA_USAGE = YES_ERROR;
				CLANG_WARN_EMPTY_BODY = YES;
				CLANG_WARN_ENUM_CONVERSION = YES;
				CLANG_WARN_INT_CONVERSION = YES;
				CLANG_WARN_OBJC_ROOT_CLASS = YES_ERROR;
				CLANG_WARN_UNREACHABLE_CODE = YES;
				CLANG_WARN__DUPLICATE_METHOD_MATCH = YES;
				"CODE_SIGN_IDENTITY[sdk=iphoneos*]" = "iPhone Developer";
				COPY_PHASE_STRIP = NO;
				DEBUG_INFORMATION_FORMAT = dwarf;
				ENABLE_STRICT_OBJC_MSGSEND = YES;
				ENABLE_TESTABILITY = YES;
				GCC_C_LANGUAGE_STANDARD = gnu99;
				GCC_DYNAMIC_NO_PIC = NO;
				GCC_NO_COMMON_BLOCKS = YES;
				GCC_OPTIMIZATION_LEVEL = 0;
				GCC_PREPROCESSOR_DEFINITIONS = (
					"DEBUG=1",
					"$(inherited)",
				);
				GCC_WARN_64_TO_32_BIT_CONVERSION = YES;
				GCC_WARN_ABOUT_RETURN_TYPE = YES_ERROR;
				GCC_WARN_UNDECLARED_SELECTOR = YES;
				GCC_WARN_UNINITIALIZED_AUTOS = YES_AGGRESSIVE;
				GCC_WARN_UNUSED_FUNCTION = YES;
				GCC_WARN_UNUSED_VARIABLE = YES;
				IPHONEOS_DEPLOYMENT_TARGET = 9.2;
				MTL_ENABLE_DEBUG_INFO = YES;
				ONLY_ACTIVE_ARCH = YES;
				SDKROOT = iphoneos;
			};
			name = Debug;
		};
		FCCBD0D11CA3E5DD0003010D /* Release */ = {
			isa = XCBuildConfiguration;
			buildSettings = {
				ALWAYS_SEARCH_USER_PATHS = NO;
				CLANG_CXX_LANGUAGE_STANDARD = "gnu++0x";
				CLANG_CXX_LIBRARY = "libc++";
				CLANG_ENABLE_MODULES = YES;
				CLANG_ENABLE_OBJC_ARC = YES;
				CLANG_WARN_BOOL_CONVERSION = YES;
				CLANG_WARN_CONSTANT_CONVERSION = YES;
				CLANG_WARN_DIRECT_OBJC_ISA_USAGE = YES_ERROR;
				CLANG_WARN_EMPTY_BODY = YES;
				CLANG_WARN_ENUM_CONVERSION = YES;
				CLANG_WARN_INT_CONVERSION = YES;
				CLANG_WARN_OBJC_ROOT_CLASS = YES_ERROR;
				CLANG_WARN_UNREACHABLE_CODE = YES;
				CLANG_WARN__DUPLICATE_METHOD_MATCH = YES;
				"CODE_SIGN_IDENTITY[sdk=iphoneos*]" = "iPhone Developer";
				COPY_PHASE_STRIP = NO;
				DEBUG_INFORMATION_FORMAT = "dwarf-with-dsym";
				ENABLE_NS_ASSERTIONS = NO;
				ENABLE_STRICT_OBJC_MSGSEND = YES;
				GCC_C_LANGUAGE_STANDARD = gnu99;
				GCC_NO_COMMON_BLOCKS = YES;
				GCC_WARN_64_TO_32_BIT_CONVERSION = YES;
				GCC_WARN_ABOUT_RETURN_TYPE = YES_ERROR;
				GCC_WARN_UNDECLARED_SELECTOR = YES;
				GCC_WARN_UNINITIALIZED_AUTOS = YES_AGGRESSIVE;
				GCC_WARN_UNUSED_FUNCTION = YES;
				GCC_WARN_UNUSED_VARIABLE = YES;
				IPHONEOS_DEPLOYMENT_TARGET = 9.2;
				MTL_ENABLE_DEBUG_INFO = NO;
				SDKROOT = iphoneos;
				VALIDATE_PRODUCT = YES;
			};
			name = Release;
		};
		FCCBD0D31CA3E5DD0003010D /* Debug */ = {
			isa = XCBuildConfiguration;
			buildSettings = {
				ASSETCATALOG_COMPILER_APPICON_NAME = AppIcon;
				INFOPLIST_FILE = Excel/Info.plist;
				IPHONEOS_DEPLOYMENT_TARGET = 8.0;
				LD_RUNPATH_SEARCH_PATHS = "$(inherited) @executable_path/Frameworks";
				PRODUCT_BUNDLE_IDENTIFIER = Bluelich.Excel;
				PRODUCT_NAME = "$(TARGET_NAME)";
			};
			name = Debug;
		};
		FCCBD0D41CA3E5DD0003010D /* Release */ = {
			isa = XCBuildConfiguration;
			buildSettings = {
				ASSETCATALOG_COMPILER_APPICON_NAME = AppIcon;
				INFOPLIST_FILE = Excel/Info.plist;
				IPHONEOS_DEPLOYMENT_TARGET = 8.0;
				LD_RUNPATH_SEARCH_PATHS = "$(inherited) @executable_path/Frameworks";
				PRODUCT_BUNDLE_IDENTIFIER = Bluelich.Excel;
				PRODUCT_NAME = "$(TARGET_NAME)";
			};
			name = Release;
		};
/* End XCBuildConfiguration section */

/* Begin XCConfigurationList section */
		FCCBD0B61CA3E5DD0003010D /* Build configuration list for PBXProject "Excel" */ = {
			isa = XCConfigurationList;
			buildConfigurations = (
				FCCBD0D01CA3E5DD0003010D /* Debug */,
				FCCBD0D11CA3E5DD0003010D /* Release */,
			);
			defaultConfigurationIsVisible = 0;
			defaultConfigurationName = Release;
		};
		FCCBD0D21CA3E5DD0003010D /* Build configuration list for PBXNativeTarget "Excel" */ = {
			isa = XCConfigurationList;
			buildConfigurations = (
				FCCBD0D31CA3E5DD0003010D /* Debug */,
				FCCBD0D41CA3E5DD0003010D /* Release */,
			);
			defaultConfigurationIsVisible = 0;
			defaultConfigurationName = Release;
		};
/* End XCConfigurationList section */
	};
	rootObject = FCCBD0B31CA3E5DD0003010D /* Project object */;
}
